
Microsoft Visual Studio Solution File, Format Version 12.00
# Visual Studio Version 17
VisualStudioVersion = 17.1.32319.34
MinimumVisualStudioVersion = 10.0.40219.1
Project("{9A19103F-16F7-4668-BE54-9A1E7A4F7556}") = "DemoNoti.API", "DemoNoti.API\DemoNoti.API.csproj", "{0C390C9A-C193-45C7-A056-AB818A818220}"
EndProject
Project("{FAE04EC0-301F-11D3-BF4B-00C04F79EFBC}") = "DemoNoti.Client", "DemoNoti.Client\DemoNoti.Client.csproj", "{111EC21F-67D3-4AA4-B366-BC89F2704BC0}"
EndProject
Global
	GlobalSection(SolutionConfigurationPlatforms) = preSolution
		Debug|Any CPU = Debug|Any CPU
		Release|Any CPU = Release|Any CPU
	EndGlobalSection
	GlobalSection(ProjectConfigurationPlatforms) = postSolution
		{0C390C9A-C193-45C7-A056-AB818A818220}.Debug|Any CPU.ActiveCfg = Debug|Any CPU
		{0C390C9A-C193-45C7-A056-AB818A818220}.Debug|Any CPU.Build.0 = Debug|Any CPU
		{0C390C9A-C193-45C7-A056-AB818A818220}.Release|Any CPU.ActiveCfg = Release|Any CPU
		{0C390C9A-C193-45C7-A056-AB818A818220}.Release|Any CPU.Build.0 = Release|Any CPU
		{111EC21F-67D3-4AA4-B366-BC89F2704BC0}.Debug|Any CPU.ActiveCfg = Debug|Any CPU
		{111EC21F-67D3-4AA4-B366-BC89F2704BC0}.Debug|Any CPU.Build.0 = Debug|Any CPU
		{111EC21F-67D3-4AA4-B366-BC89F2704BC0}.Release|Any CPU.ActiveCfg = Release|Any CPU
		{111EC21F-67D3-4AA4-B366-BC89F2704BC0}.Release|Any CPU.Build.0 = Release|Any CPU
	EndGlobalSection
	GlobalSection(SolutionProperties) = preSolution
		HideSolutionNode = FALSE
	EndGlobalSection
	GlobalSection(ExtensibilityGlobals) = postSolution
		SolutionGuid = {C9B009EB-D815-4841-8F3D-D29FFE0FE605}
	EndGlobalSection
EndGlobal
